{
  "name": "epsilver-cei-cli",
  "version": "0.2.0",
  "lockfileVersion": 3,
  "requires": true,
  "packages": {
    "": {
      "name": "epsilver-cei-cli",
      "version": "0.2.0",
      "bin": {
        "epsilver": "bin/epsilver.js"
      },
      "engines": {
        "node": ">=18"
      }
    }
  }
}
